
Microsoft Visual Studio Solution File, Format Version 12.00
# Visual Studio Version 17
VisualStudioVersion = 17.3.32922.545
MinimumVisualStudioVersion = 10.0.40219.1
Project("{FAE04EC0-301F-11D3-BF4B-00C04F79EFBC}") = "HW310323", "HW310323\HW310323.csproj", "{3263E0FD-4C22-40E9-B462-E191541C5FC2}"
EndProject
Global
	GlobalSection(SolutionConfigurationPlatforms) = preSolution
		Debug|Any CPU = Debug|Any CPU
		Release|Any CPU = Release|Any CPU
	EndGlobalSection
	GlobalSection(ProjectConfigurationPlatforms) = postSolution
		{3263E0FD-4C22-40E9-B462-E191541C5FC2}.Debug|Any CPU.ActiveCfg = Debug|Any CPU
		{3263E0FD-4C22-40E9-B462-E191541C5FC2}.Debug|Any CPU.Build.0 = Debug|Any CPU
		{3263E0FD-4C22-40E9-B462-E191541C5FC2}.Release|Any CPU.ActiveCfg = Release|Any CPU
		{3263E0FD-4C22-40E9-B462-E191541C5FC2}.Release|Any CPU.Build.0 = Release|Any CPU
	EndGlobalSection
	GlobalSection(SolutionProperties) = preSolution
		HideSolutionNode = FALSE
	EndGlobalSection
	GlobalSection(ExtensibilityGlobals) = postSolution
		SolutionGuid = {010BB6A4-8483-4D13-AF61-E2C8CE1222E6}
	EndGlobalSection
EndGlobal
